
Microsoft Visual Studio Solution File, Format Version 12.00
# Visual Studio Version 17
VisualStudioVersion = 17.4.33122.133
MinimumVisualStudioVersion = 10.0.40219.1
Project("{9A19103F-16F7-4668-BE54-9A1E7A4F7556}") = "CodeRazorPages", "CodeRazorPages.csproj", "{FBA8644F-D3A1-4DB9-AC14-3DF1E0D8D01F}"
EndProject
Global
	GlobalSection(SolutionConfigurationPlatforms) = preSolution
		Debug|Any CPU = Debug|Any CPU
		Release|Any CPU = Release|Any CPU
	EndGlobalSection
	GlobalSection(ProjectConfigurationPlatforms) = postSolution
		{FBA8644F-D3A1-4DB9-AC14-3DF1E0D8D01F}.Debug|Any CPU.ActiveCfg = Debug|Any CPU
		{FBA8644F-D3A1-4DB9-AC14-3DF1E0D8D01F}.Debug|Any CPU.Build.0 = Debug|Any CPU
		{FBA8644F-D3A1-4DB9-AC14-3DF1E0D8D01F}.Release|Any CPU.ActiveCfg = Release|Any CPU
		{FBA8644F-D3A1-4DB9-AC14-3DF1E0D8D01F}.Release|Any CPU.Build.0 = Release|Any CPU
	EndGlobalSection
	GlobalSection(SolutionProperties) = preSolution
		HideSolutionNode = FALSE
	EndGlobalSection
	GlobalSection(ExtensibilityGlobals) = postSolution
		SolutionGuid = {F12F5795-507F-48DB-A224-EBF639130DDD}
	EndGlobalSection
EndGlobal
